
Microsoft Visual Studio Solution File, Format Version 12.00
# Visual Studio Version 16
VisualStudioVersion = 16.0.30907.101
MinimumVisualStudioVersion = 10.0.40219.1
Project("{FAE04EC0-301F-11D3-BF4B-00C04F79EFBC}") = "Kodlama.io_2.Gün_Ödev6_E-Ticaret", "Kodlama.io_2.Gün_Ödev6_E-Ticaret\Kodlama.io_2.Gün_Ödev6_E-Ticaret.csproj", "{99A98642-674B-47CA-8782-086671E3FA71}"
EndProject
Global
	GlobalSection(SolutionConfigurationPlatforms) = preSolution
		Debug|Any CPU = Debug|Any CPU
		Release|Any CPU = Release|Any CPU
	EndGlobalSection
	GlobalSection(ProjectConfigurationPlatforms) = postSolution
		{99A98642-674B-47CA-8782-086671E3FA71}.Debug|Any CPU.ActiveCfg = Debug|Any CPU
		{99A98642-674B-47CA-8782-086671E3FA71}.Debug|Any CPU.Build.0 = Debug|Any CPU
		{99A98642-674B-47CA-8782-086671E3FA71}.Release|Any CPU.ActiveCfg = Release|Any CPU
		{99A98642-674B-47CA-8782-086671E3FA71}.Release|Any CPU.Build.0 = Release|Any CPU
	EndGlobalSection
	GlobalSection(SolutionProperties) = preSolution
		HideSolutionNode = FALSE
	EndGlobalSection
	GlobalSection(ExtensibilityGlobals) = postSolution
		SolutionGuid = {0776CD8C-2A77-4976-819F-550A6444CA0F}
	EndGlobalSection
EndGlobal
